
Microsoft Visual Studio Solution File, Format Version 12.00
# Visual Studio Version 17
VisualStudioVersion = 17.5.33424.131
MinimumVisualStudioVersion = 10.0.40219.1
Project("{2150E333-8FDC-42A3-9474-1A3956D46DE8}") = "EBilets", "EBilets", "{B0AA1B0D-382A-4D02-B73E-D0E41E3DD088}"
EndProject
Project("{9A19103F-16F7-4668-BE54-9A1E7A4F7556}") = "EBilets.Web", "EBilets.Web\EBilets.Web.csproj", "{AE6E0761-D7F7-4C42-80E6-3A016019DA10}"
EndProject
Project("{FAE04EC0-301F-11D3-BF4B-00C04F79EFBC}") = "EBilets.Repository", "EBilets.Repository\EBilets.Repository.csproj", "{92460781-1F43-49F6-9078-AFCB9B0C7DA7}"
EndProject
Project("{FAE04EC0-301F-11D3-BF4B-00C04F79EFBC}") = "EBilets.Domain", "EBilets.Domain\EBilets.Domain.csproj", "{51C5DE80-85D0-40C4-AFDD-70DF0CCF13B5}"
EndProject
Project("{FAE04EC0-301F-11D3-BF4B-00C04F79EFBC}") = "EBilets.Services", "EBilets.Services\EBilets.Services.csproj", "{69712BF8-CB4E-44A4-B1E9-F9824BC7AB94}"
EndProject
Global
	GlobalSection(SolutionConfigurationPlatforms) = preSolution
		Debug|Any CPU = Debug|Any CPU
		Release|Any CPU = Release|Any CPU
	EndGlobalSection
	GlobalSection(ProjectConfigurationPlatforms) = postSolution
		{AE6E0761-D7F7-4C42-80E6-3A016019DA10}.Debug|Any CPU.ActiveCfg = Debug|Any CPU
		{AE6E0761-D7F7-4C42-80E6-3A016019DA10}.Debug|Any CPU.Build.0 = Debug|Any CPU
		{AE6E0761-D7F7-4C42-80E6-3A016019DA10}.Release|Any CPU.ActiveCfg = Release|Any CPU
		{AE6E0761-D7F7-4C42-80E6-3A016019DA10}.Release|Any CPU.Build.0 = Release|Any CPU
		{92460781-1F43-49F6-9078-AFCB9B0C7DA7}.Debug|Any CPU.ActiveCfg = Debug|Any CPU
		{92460781-1F43-49F6-9078-AFCB9B0C7DA7}.Debug|Any CPU.Build.0 = Debug|Any CPU
		{92460781-1F43-49F6-9078-AFCB9B0C7DA7}.Release|Any CPU.ActiveCfg = Release|Any CPU
		{92460781-1F43-49F6-9078-AFCB9B0C7DA7}.Release|Any CPU.Build.0 = Release|Any CPU
		{51C5DE80-85D0-40C4-AFDD-70DF0CCF13B5}.Debug|Any CPU.ActiveCfg = Debug|Any CPU
		{51C5DE80-85D0-40C4-AFDD-70DF0CCF13B5}.Debug|Any CPU.Build.0 = Debug|Any CPU
		{51C5DE80-85D0-40C4-AFDD-70DF0CCF13B5}.Release|Any CPU.ActiveCfg = Release|Any CPU
		{51C5DE80-85D0-40C4-AFDD-70DF0CCF13B5}.Release|Any CPU.Build.0 = Release|Any CPU
		{69712BF8-CB4E-44A4-B1E9-F9824BC7AB94}.Debug|Any CPU.ActiveCfg = Debug|Any CPU
		{69712BF8-CB4E-44A4-B1E9-F9824BC7AB94}.Debug|Any CPU.Build.0 = Debug|Any CPU
		{69712BF8-CB4E-44A4-B1E9-F9824BC7AB94}.Release|Any CPU.ActiveCfg = Release|Any CPU
		{69712BF8-CB4E-44A4-B1E9-F9824BC7AB94}.Release|Any CPU.Build.0 = Release|Any CPU
	EndGlobalSection
	GlobalSection(SolutionProperties) = preSolution
		HideSolutionNode = FALSE
	EndGlobalSection
	GlobalSection(NestedProjects) = preSolution
		{AE6E0761-D7F7-4C42-80E6-3A016019DA10} = {B0AA1B0D-382A-4D02-B73E-D0E41E3DD088}
		{92460781-1F43-49F6-9078-AFCB9B0C7DA7} = {B0AA1B0D-382A-4D02-B73E-D0E41E3DD088}
		{51C5DE80-85D0-40C4-AFDD-70DF0CCF13B5} = {B0AA1B0D-382A-4D02-B73E-D0E41E3DD088}
		{69712BF8-CB4E-44A4-B1E9-F9824BC7AB94} = {B0AA1B0D-382A-4D02-B73E-D0E41E3DD088}
	EndGlobalSection
	GlobalSection(ExtensibilityGlobals) = postSolution
		SolutionGuid = {6D25FD70-75F5-4C2C-9DE3-A9BB6FFF8033}
	EndGlobalSection
EndGlobal
